
Microsoft Visual Studio Solution File, Format Version 12.00
# Visual Studio 15
VisualStudioVersion = 15.0.26124.0
MinimumVisualStudioVersion = 15.0.26124.0
Project("{2150E333-8FDC-42A3-9474-1A3956D46DE8}") = ".paket", ".paket", "{1D10ECFA-F6AE-4E86-B3CC-807408844D90}"
	ProjectSection(SolutionItems) = preProject
		paket.dependencies = paket.dependencies
	EndProjectSection
EndProject
Project("{F2A71F9B-5D33-465A-A702-920D77279786}") = "audiolib", "audiolib\audiolib.fsproj", "{3C86C646-B4E1-437D-AD33-AE8E25557FF2}"
EndProject
Project("{F2A71F9B-5D33-465A-A702-920D77279786}") = "audiolib.tests", "audiolib.tests\audiolib.tests.fsproj", "{5B052A23-88CF-4AAE-AEC1-05F48C6ED02C}"
EndProject
Global
	GlobalSection(SolutionConfigurationPlatforms) = preSolution
		Debug|Any CPU = Debug|Any CPU
		Debug|x64 = Debug|x64
		Debug|x86 = Debug|x86
		Release|Any CPU = Release|Any CPU
		Release|x64 = Release|x64
		Release|x86 = Release|x86
	EndGlobalSection
	GlobalSection(SolutionProperties) = preSolution
		HideSolutionNode = FALSE
	EndGlobalSection
	GlobalSection(ProjectConfigurationPlatforms) = postSolution
		{3C86C646-B4E1-437D-AD33-AE8E25557FF2}.Debug|Any CPU.ActiveCfg = Debug|Any CPU
		{3C86C646-B4E1-437D-AD33-AE8E25557FF2}.Debug|Any CPU.Build.0 = Debug|Any CPU
		{3C86C646-B4E1-437D-AD33-AE8E25557FF2}.Debug|x64.ActiveCfg = Debug|x64
		{3C86C646-B4E1-437D-AD33-AE8E25557FF2}.Debug|x64.Build.0 = Debug|x64
		{3C86C646-B4E1-437D-AD33-AE8E25557FF2}.Debug|x86.ActiveCfg = Debug|x86
		{3C86C646-B4E1-437D-AD33-AE8E25557FF2}.Debug|x86.Build.0 = Debug|x86
		{3C86C646-B4E1-437D-AD33-AE8E25557FF2}.Release|Any CPU.ActiveCfg = Release|Any CPU
		{3C86C646-B4E1-437D-AD33-AE8E25557FF2}.Release|Any CPU.Build.0 = Release|Any CPU
		{3C86C646-B4E1-437D-AD33-AE8E25557FF2}.Release|x64.ActiveCfg = Release|x64
		{3C86C646-B4E1-437D-AD33-AE8E25557FF2}.Release|x64.Build.0 = Release|x64
		{3C86C646-B4E1-437D-AD33-AE8E25557FF2}.Release|x86.ActiveCfg = Release|x86
		{3C86C646-B4E1-437D-AD33-AE8E25557FF2}.Release|x86.Build.0 = Release|x86
		{5B052A23-88CF-4AAE-AEC1-05F48C6ED02C}.Debug|Any CPU.ActiveCfg = Debug|Any CPU
		{5B052A23-88CF-4AAE-AEC1-05F48C6ED02C}.Debug|Any CPU.Build.0 = Debug|Any CPU
		{5B052A23-88CF-4AAE-AEC1-05F48C6ED02C}.Debug|x64.ActiveCfg = Debug|x64
		{5B052A23-88CF-4AAE-AEC1-05F48C6ED02C}.Debug|x64.Build.0 = Debug|x64
		{5B052A23-88CF-4AAE-AEC1-05F48C6ED02C}.Debug|x86.ActiveCfg = Debug|x86
		{5B052A23-88CF-4AAE-AEC1-05F48C6ED02C}.Debug|x86.Build.0 = Debug|x86
		{5B052A23-88CF-4AAE-AEC1-05F48C6ED02C}.Release|Any CPU.ActiveCfg = Release|Any CPU
		{5B052A23-88CF-4AAE-AEC1-05F48C6ED02C}.Release|Any CPU.Build.0 = Release|Any CPU
		{5B052A23-88CF-4AAE-AEC1-05F48C6ED02C}.Release|x64.ActiveCfg = Release|x64
		{5B052A23-88CF-4AAE-AEC1-05F48C6ED02C}.Release|x64.Build.0 = Release|x64
		{5B052A23-88CF-4AAE-AEC1-05F48C6ED02C}.Release|x86.ActiveCfg = Release|x86
		{5B052A23-88CF-4AAE-AEC1-05F48C6ED02C}.Release|x86.Build.0 = Release|x86
	EndGlobalSection
EndGlobal
